<?xml version="1.0" encoding="utf-8"?>
<Project ToolsVersion="4.0" xmlns="http://schemas.microsoft.com/developer/msbuild/2003">
  <ItemGroup>
    <Filter Include="资源文件">
      <UniqueIdentifier>{67DA6AB6-F800-4c08-8B7A-83BB121AAD01}</UniqueIdentifier>
      <Extensions>rc;ico;cur;bmp;dlg;rc2;rct;bin;rgs;gif;jpg;jpeg;jpe;resx;tiff;tif;png;wav;mfcribbon-ms</Extensions>
    </Filter>
    <Filter Include="CoterFrame">
      <UniqueIdentifier>{8d120d16-a3dd-4676-a6d2-db28e0f58c98}</UniqueIdentifier>
    </Filter>
    <Filter Include="CoterFrame\include">
      <UniqueIdentifier>{4e9bba66-3930-494d-8a4b-ff0161c7cb35}</UniqueIdentifier>
    </Filter>
    <Filter Include="CoterFrame\kernel">
      <UniqueIdentifier>{7796e09c-31a0-4d75-8536-eb3c0aec4c12}</UniqueIdentifier>
    </Filter>
    <Filter Include="CoterFrame\interface">
      <UniqueIdentifier>{2040387d-7042-49af-81e3-dd8c3877542c}</UniqueIdentifier>
    </Filter>
    <Filter Include="CoterFrame\network">
      <UniqueIdentifier>{0c2cbf1e-7139-4b7a-8e77-11e4b2f78302}</UniqueIdentifier>
    </Filter>
  </ItemGroup>
  <ItemGroup>
    <Text Include="ReadMe.txt" />
  </ItemGroup>
  <ItemGroup>
    <ClCompile Include="cfprecompiled.cpp">
      <Filter>CoterFrame</Filter>
    </ClCompile>
    <ClCompile Include="network\cfcnetaddr.cpp">
      <Filter>CoterFrame\network</Filter>
    </ClCompile>
    <ClCompile Include="network\cfcnetaddrinfo.cpp">
      <Filter>CoterFrame\network</Filter>
    </ClCompile>
    <ClCompile Include="network\cfcnetdns.cpp">
      <Filter>CoterFrame\network</Filter>
    </ClCompile>
  </ItemGroup>
  <ItemGroup>
    <ClInclude Include="cfprecompiled.h">
      <Filter>CoterFrame</Filter>
    </ClInclude>
    <ClInclude Include="include\cfmacro.h">
      <Filter>CoterFrame\include</Filter>
    </ClInclude>
    <ClInclude Include="include\cfplatform.h">
      <Filter>CoterFrame\include</Filter>
    </ClInclude>
    <ClInclude Include="kernel\cfsingleton.hpp">
      <Filter>CoterFrame\kernel</Filter>
    </ClInclude>
    <ClInclude Include="kernel\cfsharedptr.hpp">
      <Filter>CoterFrame\kernel</Filter>
    </ClInclude>
    <ClInclude Include="kernel\cfglobal.hpp">
      <Filter>CoterFrame\kernel</Filter>
    </ClInclude>
    <ClInclude Include="kernel\cfinterface.hpp">
      <Filter>CoterFrame\kernel</Filter>
    </ClInclude>
    <ClInclude Include="kernel\cfcomponent.hpp">
      <Filter>CoterFrame\kernel</Filter>
    </ClInclude>
    <ClInclude Include="interface\cfinetaddr.h">
      <Filter>CoterFrame\interface</Filter>
    </ClInclude>
    <ClInclude Include="network\cfcnetaddr.h">
      <Filter>CoterFrame\network</Filter>
    </ClInclude>
    <ClInclude Include="interface\cfinetaddrinfo.h">
      <Filter>CoterFrame\interface</Filter>
    </ClInclude>
    <ClInclude Include="network\cfcnetaddrinfo.h">
      <Filter>CoterFrame\network</Filter>
    </ClInclude>
    <ClInclude Include="interface\cfinetdns.h">
      <Filter>CoterFrame\interface</Filter>
    </ClInclude>
    <ClInclude Include="network\cfcnetdns.h">
      <Filter>CoterFrame\network</Filter>
    </ClInclude>
    <ClInclude Include="kernel\cfvector.hpp">
      <Filter>CoterFrame\kernel</Filter>
    </ClInclude>
  </ItemGroup>
</Project>